%{
  "bunt": {:hex, :bunt, "0.2.0", "951c6e801e8b1d2cbe58ebbd3e616a869061ddadcc4863d0a2182541acae9a38", [:mix], [], "hexpm"},
  "credo": {:hex, :credo, "0.8.10", "261862bb7363247762e1063713bb85df2bbd84af8d8610d1272cd9c1943bba63", [:mix], [{:bunt, "~> 0.2.0", [hex: :bunt, repo: "hexpm", optional: false]}], "hexpm"},
  "elixir_linear_algebra": {:hex, :ela, "1.0.0", "a5a741a63c280eda2ba1d21b1a5a25af6406c550fe00ad1e330ca426dc5463f2", [:mix], [], "hexpm"},
  "erlport": {:hex, :erlport, "0.10.1", "c96ffa51bbcab0298232fcdfe8c3e110f1598011de71ae6b9082b80c9e2e476a", [:rebar3], [], "hexpm"},
}
